
Microsoft Visual Studio Solution File, Format Version 12.00
# Visual Studio Version 16
VisualStudioVersion = 16.0.32901.82
MinimumVisualStudioVersion = 10.0.40219.1
Project("{9A19103F-16F7-4668-BE54-9A1E7A4F7556}") = "UnderdogFantasy.Players.WebApi", "UnderdogFantasy.Players.WebApi\UnderdogFantasy.Players.WebApi.csproj", "{6DE543FD-C705-4683-B2BE-B53D8BF04674}"
EndProject
Project("{FAE04EC0-301F-11D3-BF4B-00C04F79EFBC}") = "UnderdogFantasy.Players.Contracts", "UnderdogFantasy.Players.Contracts\UnderdogFantasy.Players.Contracts.csproj", "{BDCBC63E-D10A-4CF3-88EA-274E7CDF6FC0}"
EndProject
Project("{9A19103F-16F7-4668-BE54-9A1E7A4F7556}") = "UnderdogFantasy.Players.DataImportTool", "UnderdogFantasy.Players.DataImportTool\UnderdogFantasy.Players.DataImportTool.csproj", "{257EC9BB-8A5D-4712-BDD4-AA8136FA5ACB}"
EndProject
Global
	GlobalSection(SolutionConfigurationPlatforms) = preSolution
		Debug|Any CPU = Debug|Any CPU
		Release|Any CPU = Release|Any CPU
	EndGlobalSection
	GlobalSection(ProjectConfigurationPlatforms) = postSolution
		{6DE543FD-C705-4683-B2BE-B53D8BF04674}.Debug|Any CPU.ActiveCfg = Debug|Any CPU
		{6DE543FD-C705-4683-B2BE-B53D8BF04674}.Debug|Any CPU.Build.0 = Debug|Any CPU
		{6DE543FD-C705-4683-B2BE-B53D8BF04674}.Release|Any CPU.ActiveCfg = Release|Any CPU
		{6DE543FD-C705-4683-B2BE-B53D8BF04674}.Release|Any CPU.Build.0 = Release|Any CPU
		{BDCBC63E-D10A-4CF3-88EA-274E7CDF6FC0}.Debug|Any CPU.ActiveCfg = Debug|Any CPU
		{BDCBC63E-D10A-4CF3-88EA-274E7CDF6FC0}.Debug|Any CPU.Build.0 = Debug|Any CPU
		{BDCBC63E-D10A-4CF3-88EA-274E7CDF6FC0}.Release|Any CPU.ActiveCfg = Release|Any CPU
		{BDCBC63E-D10A-4CF3-88EA-274E7CDF6FC0}.Release|Any CPU.Build.0 = Release|Any CPU
		{257EC9BB-8A5D-4712-BDD4-AA8136FA5ACB}.Debug|Any CPU.ActiveCfg = Debug|Any CPU
		{257EC9BB-8A5D-4712-BDD4-AA8136FA5ACB}.Debug|Any CPU.Build.0 = Debug|Any CPU
		{257EC9BB-8A5D-4712-BDD4-AA8136FA5ACB}.Release|Any CPU.ActiveCfg = Release|Any CPU
		{257EC9BB-8A5D-4712-BDD4-AA8136FA5ACB}.Release|Any CPU.Build.0 = Release|Any CPU
	EndGlobalSection
	GlobalSection(SolutionProperties) = preSolution
		HideSolutionNode = FALSE
	EndGlobalSection
	GlobalSection(ExtensibilityGlobals) = postSolution
		SolutionGuid = {C6D81F34-616D-4C43-8971-5153BCB81FB3}
	EndGlobalSection
EndGlobal
